
Microsoft Visual Studio Solution File, Format Version 12.00
# Visual Studio Version 17
VisualStudioVersion = 17.11.35327.3
MinimumVisualStudioVersion = 10.0.40219.1
Project("{FAE04EC0-301F-11D3-BF4B-00C04F79EFBC}") = "WPF_RadioButtons_und_Bilder", "WPF_RadioButtons_und_Bilder.csproj", "{2A76815E-D4AA-4125-B6C8-7230819EC69E}"
EndProject
Global
	GlobalSection(SolutionConfigurationPlatforms) = preSolution
		Debug|Any CPU = Debug|Any CPU
		Release|Any CPU = Release|Any CPU
	EndGlobalSection
	GlobalSection(ProjectConfigurationPlatforms) = postSolution
		{2A76815E-D4AA-4125-B6C8-7230819EC69E}.Debug|Any CPU.ActiveCfg = Debug|Any CPU
		{2A76815E-D4AA-4125-B6C8-7230819EC69E}.Debug|Any CPU.Build.0 = Debug|Any CPU
		{2A76815E-D4AA-4125-B6C8-7230819EC69E}.Release|Any CPU.ActiveCfg = Release|Any CPU
		{2A76815E-D4AA-4125-B6C8-7230819EC69E}.Release|Any CPU.Build.0 = Release|Any CPU
	EndGlobalSection
	GlobalSection(SolutionProperties) = preSolution
		HideSolutionNode = FALSE
	EndGlobalSection
	GlobalSection(ExtensibilityGlobals) = postSolution
		SolutionGuid = {C1F88B37-443A-4456-87BF-55E7C7F3D58C}
	EndGlobalSection
EndGlobal
